
Microsoft Visual Studio Solution File, Format Version 12.00
# Visual Studio Version 17
VisualStudioVersion = 17.5.33530.505
MinimumVisualStudioVersion = 10.0.40219.1
Project("{FAE04EC0-301F-11D3-BF4B-00C04F79EFBC}") = "Lab4", "Lab4.csproj", "{61DCC2C1-B163-4AF1-9B4E-CE2E58B243F6}"
EndProject
Global
	GlobalSection(SolutionConfigurationPlatforms) = preSolution
		Debug|Any CPU = Debug|Any CPU
		Release|Any CPU = Release|Any CPU
	EndGlobalSection
	GlobalSection(ProjectConfigurationPlatforms) = postSolution
		{61DCC2C1-B163-4AF1-9B4E-CE2E58B243F6}.Debug|Any CPU.ActiveCfg = Debug|Any CPU
		{61DCC2C1-B163-4AF1-9B4E-CE2E58B243F6}.Debug|Any CPU.Build.0 = Debug|Any CPU
		{61DCC2C1-B163-4AF1-9B4E-CE2E58B243F6}.Release|Any CPU.ActiveCfg = Release|Any CPU
		{61DCC2C1-B163-4AF1-9B4E-CE2E58B243F6}.Release|Any CPU.Build.0 = Release|Any CPU
	EndGlobalSection
	GlobalSection(SolutionProperties) = preSolution
		HideSolutionNode = FALSE
	EndGlobalSection
	GlobalSection(ExtensibilityGlobals) = postSolution
		SolutionGuid = {121E6F38-650C-41B2-88CB-FB376A782816}
	EndGlobalSection
EndGlobal
